
Microsoft Visual Studio Solution File, Format Version 12.00
# Visual Studio Version 17
VisualStudioVersion = 17.4.33122.133
MinimumVisualStudioVersion = 10.0.40219.1
Project("{FAE04EC0-301F-11D3-BF4B-00C04F79EFBC}") = "traveling-salesman-problem-Cs", "traveling-salesman-problem-Cs\traveling-salesman-problem-Cs.csproj", "{FACE7AA8-2864-4AD7-ABCC-D09E190374EE}"
EndProject
Global
	GlobalSection(SolutionConfigurationPlatforms) = preSolution
		Debug|Any CPU = Debug|Any CPU
		Release|Any CPU = Release|Any CPU
	EndGlobalSection
	GlobalSection(ProjectConfigurationPlatforms) = postSolution
		{FACE7AA8-2864-4AD7-ABCC-D09E190374EE}.Debug|Any CPU.ActiveCfg = Debug|Any CPU
		{FACE7AA8-2864-4AD7-ABCC-D09E190374EE}.Debug|Any CPU.Build.0 = Debug|Any CPU
		{FACE7AA8-2864-4AD7-ABCC-D09E190374EE}.Release|Any CPU.ActiveCfg = Release|Any CPU
		{FACE7AA8-2864-4AD7-ABCC-D09E190374EE}.Release|Any CPU.Build.0 = Release|Any CPU
	EndGlobalSection
	GlobalSection(SolutionProperties) = preSolution
		HideSolutionNode = FALSE
	EndGlobalSection
	GlobalSection(ExtensibilityGlobals) = postSolution
		SolutionGuid = {8394EB77-DA6F-4F8D-9346-D5FE40D16B03}
	EndGlobalSection
EndGlobal
